
Microsoft Visual Studio Solution File, Format Version 12.00
# Visual Studio Version 17
VisualStudioVersion = 17.5.002.0
MinimumVisualStudioVersion = 10.0.40219.1
Project("{9A19103F-16F7-4668-BE54-9A1E7A4F7556}") = "EDojVa", "EDojVa.csproj", "{B7BD8D03-9399-416A-A2DA-31442A6C1F36}"
EndProject
Global
	GlobalSection(SolutionConfigurationPlatforms) = preSolution
		Debug|Any CPU = Debug|Any CPU
		Release|Any CPU = Release|Any CPU
	EndGlobalSection
	GlobalSection(ProjectConfigurationPlatforms) = postSolution
		{B7BD8D03-9399-416A-A2DA-31442A6C1F36}.Debug|Any CPU.ActiveCfg = Debug|Any CPU
		{B7BD8D03-9399-416A-A2DA-31442A6C1F36}.Debug|Any CPU.Build.0 = Debug|Any CPU
		{B7BD8D03-9399-416A-A2DA-31442A6C1F36}.Release|Any CPU.ActiveCfg = Release|Any CPU
		{B7BD8D03-9399-416A-A2DA-31442A6C1F36}.Release|Any CPU.Build.0 = Release|Any CPU
	EndGlobalSection
	GlobalSection(SolutionProperties) = preSolution
		HideSolutionNode = FALSE
	EndGlobalSection
	GlobalSection(ExtensibilityGlobals) = postSolution
		SolutionGuid = {30469EC7-1E24-4B1A-A281-7C249D1E7158}
	EndGlobalSection
EndGlobal
